// !$*UTF8*$!
{
	archiveVersion = 1;
	classes = {
	};
	objectVersion = 50;
	objects = {

/* Begin PBXBuildFile section */
		94ED3EF820C34892000AD13F /* AppDelegate.swift in Sources */ = {isa = PBXBuildFile; fileRef = 94ED3EF720C34892000AD13F /* AppDelegate.swift */; };
		94ED3EFA20C34892000AD13F /* TimerViewController.swift in Sources */ = {isa = PBXBuildFile; fileRef = 94ED3EF920C34892000AD13F /* TimerViewController.swift */; };
		94ED3EFF20C34894000AD13F /* Assets.xcassets in Resources */ = {isa = PBXBuildFile; fileRef = 94ED3EFE20C34894000AD13F /* Assets.xcassets */; };
		94ED3F0220C34894000AD13F /* LaunchScreen.storyboard in Resources */ = {isa = PBXBuildFile; fileRef = 94ED3F0020C34894000AD13F /* LaunchScreen.storyboard */; };
		94ED3F0D20C34894000AD13F /* PomodoroTests.swift in Sources */ = {isa = PBXBuildFile; fileRef = 94ED3F0C20C34894000AD13F /* PomodoroTests.swift */; };
		94ED3F1820C34894000AD13F /* PomodoroUITests.swift in Sources */ = {isa = PBXBuildFile; fileRef = 94ED3F1720C34894000AD13F /* PomodoroUITests.swift */; };
		94ED3F2620C349E8000AD13F /* TimerView.swift in Sources */ = {isa = PBXBuildFile; fileRef = 94ED3F2520C349E8000AD13F /* TimerView.swift */; };
/* End PBXBuildFile section */

/* Begin PBXContainerItemProxy section */
		94ED3F0920C34894000AD13F /* PBXContainerItemProxy */ = {
			isa = PBXContainerItemProxy;
			containerPortal = 94ED3EEC20C34892000AD13F /* Project object */;
			proxyType = 1;
			remoteGlobalIDString = 94ED3EF320C34892000AD13F;
			remoteInfo = Pomodoro;
		};
		94ED3F1420C34894000AD13F /* PBXContainerItemProxy */ = {
			isa = PBXContainerItemProxy;
			containerPortal = 94ED3EEC20C34892000AD13F /* Project object */;
			proxyType = 1;
			remoteGlobalIDString = 94ED3EF320C34892000AD13F;
			remoteInfo = Pomodoro;
		};
/* End PBXContainerItemProxy section */

/* Begin PBXFileReference section */
		94ED3EF420C34892000AD13F /* Pomodoro.app */ = {isa = PBXFileReference; explicitFileType = wrapper.application; includeInIndex = 0; path = Pomodoro.app; sourceTree = BUILT_PRODUCTS_DIR; };
		94ED3EF720C34892000AD13F /* AppDelegate.swift */ = {isa = PBXFileReference; lastKnownFileType = sourcecode.swift; path = AppDelegate.swift; sourceTree = "<group>"; };
		94ED3EF920C34892000AD13F /* TimerViewController.swift */ = {isa = PBXFileReference; lastKnownFileType = sourcecode.swift; path = TimerViewController.swift; sourceTree = "<group>"; };
		94ED3EFE20C34894000AD13F /* Assets.xcassets */ = {isa = PBXFileReference; lastKnownFileType = folder.assetcatalog; path = Assets.xcassets; sourceTree = "<group>"; };
		94ED3F0120C34894000AD13F /* Base */ = {isa = PBXFileReference; lastKnownFileType = file.storyboard; name = Base; path = Base.lproj/LaunchScreen.storyboard; sourceTree = "<group>"; };
		94ED3F0320C34894000AD13F /* Info.plist */ = {isa = PBXFileReference; lastKnownFileType = text.plist.xml; path = Info.plist; sourceTree = "<group>"; };
		94ED3F0820C34894000AD13F /* PomodoroTests.xctest */ = {isa = PBXFileReference; explicitFileType = wrapper.cfbundle; includeInIndex = 0; path = PomodoroTests.xctest; sourceTree = BUILT_PRODUCTS_DIR; };
		94ED3F0C20C34894000AD13F /* PomodoroTests.swift */ = {isa = PBXFileReference; lastKnownFileType = sourcecode.swift; path = PomodoroTests.swift; sourceTree = "<group>"; };
		94ED3F0E20C34894000AD13F /* Info.plist */ = {isa = PBXFileReference; lastKnownFileType = text.plist.xml; path = Info.plist; sourceTree = "<group>"; };
		94ED3F1320C34894000AD13F /* PomodoroUITests.xctest */ = {isa = PBXFileReference; explicitFileType = wrapper.cfbundle; includeInIndex = 0; path = PomodoroUITests.xctest; sourceTree = BUILT_PRODUCTS_DIR; };
		94ED3F1720C34894000AD13F /* PomodoroUITests.swift */ = {isa = PBXFileReference; lastKnownFileType = sourcecode.swift; path = PomodoroUITests.swift; sourceTree = "<group>"; };
		94ED3F1920C34894000AD13F /* Info.plist */ = {isa = PBXFileReference; lastKnownFileType = text.plist.xml; path = Info.plist; sourceTree = "<group>"; };
		94ED3F2520C349E8000AD13F /* TimerView.swift */ = {isa = PBXFileReference; lastKnownFileType = sourcecode.swift; path = TimerView.swift; sourceTree = "<group>"; };
/* End PBXFileReference section */

/* Begin PBXFrameworksBuildPhase section */
		94ED3EF120C34892000AD13F /* Frameworks */ = {
			isa = PBXFrameworksBuildPhase;
			buildActionMask = 2147483647;
			files = (
			);
			runOnlyForDeploymentPostprocessing = 0;
		};
		94ED3F0520C34894000AD13F /* Frameworks */ = {
			isa = PBXFrameworksBuildPhase;
			buildActionMask = 2147483647;
			files = (
			);
			runOnlyForDeploymentPostprocessing = 0;
		};
		94ED3F1020C34894000AD13F /* Frameworks */ = {
			isa = PBXFrameworksBuildPhase;
			buildActionMask = 2147483647;
			files = (
			);
			runOnlyForDeploymentPostprocessing = 0;
		};
/* End PBXFrameworksBuildPhase section */

/* Begin PBXGroup section */
		94ED3EEB20C34892000AD13F = {
			isa = PBXGroup;
			children = (
				94ED3EF620C34892000AD13F /* Pomodoro */,
				94ED3F0B20C34894000AD13F /* PomodoroTests */,
				94ED3F1620C34894000AD13F /* PomodoroUITests */,
				94ED3EF520C34892000AD13F /* Products */,
			);
			sourceTree = "<group>";
		};
		94ED3EF520C34892000AD13F /* Products */ = {
			isa = PBXGroup;
			children = (
				94ED3EF420C34892000AD13F /* Pomodoro.app */,
				94ED3F0820C34894000AD13F /* PomodoroTests.xctest */,
				94ED3F1320C34894000AD13F /* PomodoroUITests.xctest */,
			);
			name = Products;
			sourceTree = "<group>";
		};
		94ED3EF620C34892000AD13F /* Pomodoro */ = {
			isa = PBXGroup;
			children = (
				94ED3EF720C34892000AD13F /* AppDelegate.swift */,
				94ED3EF920C34892000AD13F /* TimerViewController.swift */,
				94ED3F2520C349E8000AD13F /* TimerView.swift */,
				94ED3EFE20C34894000AD13F /* Assets.xcassets */,
				94ED3F0020C34894000AD13F /* LaunchScreen.storyboard */,
				94ED3F0320C34894000AD13F /* Info.plist */,
			);
			path = Pomodoro;
			sourceTree = "<group>";
		};
		94ED3F0B20C34894000AD13F /* PomodoroTests */ = {
			isa = PBXGroup;
			children = (
				94ED3F0C20C34894000AD13F /* PomodoroTests.swift */,
				94ED3F0E20C34894000AD13F /* Info.plist */,
			);
			path = PomodoroTests;
			sourceTree = "<group>";
		};
		94ED3F1620C34894000AD13F /* PomodoroUITests */ = {
			isa = PBXGroup;
			children = (
				94ED3F1720C34894000AD13F /* PomodoroUITests.swift */,
				94ED3F1920C34894000AD13F /* Info.plist */,
			);
			path = PomodoroUITests;
			sourceTree = "<group>";
		};
/* End PBXGroup section */

/* Begin PBXNativeTarget section */
		94ED3EF320C34892000AD13F /* Pomodoro */ = {
			isa = PBXNativeTarget;
			buildConfigurationList = 94ED3F1C20C34894000AD13F /* Build configuration list for PBXNativeTarget "Pomodoro" */;
			buildPhases = (
				94ED3EF020C34892000AD13F /* Sources */,
				94ED3EF120C34892000AD13F /* Frameworks */,
				94ED3EF220C34892000AD13F /* Resources */,
			);
			buildRules = (
			);
			dependencies = (
			);
			name = Pomodoro;
			productName = Pomodoro;
			productReference = 94ED3EF420C34892000AD13F /* Pomodoro.app */;
			productType = "com.apple.product-type.application";
		};
		94ED3F0720C34894000AD13F /* PomodoroTests */ = {
			isa = PBXNativeTarget;
			buildConfigurationList = 94ED3F1F20C34894000AD13F /* Build configuration list for PBXNativeTarget "PomodoroTests" */;
			buildPhases = (
				94ED3F0420C34894000AD13F /* Sources */,
				94ED3F0520C34894000AD13F /* Frameworks */,
				94ED3F0620C34894000AD13F /* Resources */,
			);
			buildRules = (
			);
			dependencies = (
				94ED3F0A20C34894000AD13F /* PBXTargetDependency */,
			);
			name = PomodoroTests;
			productName = PomodoroTests;
			productReference = 94ED3F0820C34894000AD13F /* PomodoroTests.xctest */;
			productType = "com.apple.product-type.bundle.unit-test";
		};
		94ED3F1220C34894000AD13F /* PomodoroUITests */ = {
			isa = PBXNativeTarget;
			buildConfigurationList = 94ED3F2220C34894000AD13F /* Build configuration list for PBXNativeTarget "PomodoroUITests" */;
			buildPhases = (
				94ED3F0F20C34894000AD13F /* Sources */,
				94ED3F1020C34894000AD13F /* Frameworks */,
				94ED3F1120C34894000AD13F /* Resources */,
			);
			buildRules = (
			);
			dependencies = (
				94ED3F1520C34894000AD13F /* PBXTargetDependency */,
			);
			name = PomodoroUITests;
			productName = PomodoroUITests;
			productReference = 94ED3F1320C34894000AD13F /* PomodoroUITests.xctest */;
			productType = "com.apple.product-type.bundle.ui-testing";
		};
/* End PBXNativeTarget section */

/* Begin PBXProject section */
		94ED3EEC20C34892000AD13F /* Project object */ = {
			isa = PBXProject;
			attributes = {
				LastSwiftUpdateCheck = 0940;
				LastUpgradeCheck = 0940;
				ORGANIZATIONNAME = "Ryan Davies";
				TargetAttributes = {
					94ED3EF320C34892000AD13F = {
						CreatedOnToolsVersion = 9.4;
					};
					94ED3F0720C34894000AD13F = {
						CreatedOnToolsVersion = 9.4;
						TestTargetID = 94ED3EF320C34892000AD13F;
					};
					94ED3F1220C34894000AD13F = {
						CreatedOnToolsVersion = 9.4;
						TestTargetID = 94ED3EF320C34892000AD13F;
					};
				};
			};
			buildConfigurationList = 94ED3EEF20C34892000AD13F /* Build configuration list for PBXProject "Pomodoro" */;
			compatibilityVersion = "Xcode 9.3";
			developmentRegion = en;
			hasScannedForEncodings = 0;
			knownRegions = (
				en,
				Base,
			);
			mainGroup = 94ED3EEB20C34892000AD13F;
			productRefGroup = 94ED3EF520C34892000AD13F /* Products */;
			projectDirPath = "";
			projectRoot = "";
			targets = (
				94ED3EF320C34892000AD13F /* Pomodoro */,
				94ED3F0720C34894000AD13F /* PomodoroTests */,
				94ED3F1220C34894000AD13F /* PomodoroUITests */,
			);
		};
/* End PBXProject section */

/* Begin PBXResourcesBuildPhase section */
		94ED3EF220C34892000AD13F /* Resources */ = {
			isa = PBXResourcesBuildPhase;
			buildActionMask = 2147483647;
			files = (
				94ED3F0220C34894000AD13F /* LaunchScreen.storyboard in Resources */,
				94ED3EFF20C34894000AD13F /* Assets.xcassets in Resources */,
			);
			runOnlyForDeploymentPostprocessing = 0;
		};
		94ED3F0620C34894000AD13F /* Resources */ = {
			isa = PBXResourcesBuildPhase;
			buildActionMask = 2147483647;
			files = (
			);
			runOnlyForDeploymentPostprocessing = 0;
		};
		94ED3F1120C34894000AD13F /* Resources */ = {
			isa = PBXResourcesBuildPhase;
			buildActionMask = 2147483647;
			files = (
			);
			runOnlyForDeploymentPostprocessing = 0;
		};
/* End PBXResourcesBuildPhase section */

/* Begin PBXSourcesBuildPhase section */
		94ED3EF020C34892000AD13F /* Sources */ = {
			isa = PBXSourcesBuildPhase;
			buildActionMask = 2147483647;
			files = (
				94ED3F2620C349E8000AD13F /* TimerView.swift in Sources */,
				94ED3EFA20C34892000AD13F /* TimerViewController.swift in Sources */,
				94ED3EF820C34892000AD13F /* AppDelegate.swift in Sources */,
			);
			runOnlyForDeploymentPostprocessing = 0;
		};
		94ED3F0420C34894000AD13F /* Sources */ = {
			isa = PBXSourcesBuildPhase;
			buildActionMask = 2147483647;
			files = (
				94ED3F0D20C34894000AD13F /* PomodoroTests.swift in Sources */,
			);
			runOnlyForDeploymentPostprocessing = 0;
		};
		94ED3F0F20C34894000AD13F /* Sources */ = {
			isa = PBXSourcesBuildPhase;
			buildActionMask = 2147483647;
			files = (
				94ED3F1820C34894000AD13F /* PomodoroUITests.swift in Sources */,
			);
			runOnlyForDeploymentPostprocessing = 0;
		};
/* End PBXSourcesBuildPhase section */

/* Begin PBXTargetDependency section */
		94ED3F0A20C34894000AD13F /* PBXTargetDependency */ = {
			isa = PBXTargetDependency;
			target = 94ED3EF320C34892000AD13F /* Pomodoro */;
			targetProxy = 94ED3F0920C34894000AD13F /* PBXContainerItemProxy */;
		};
		94ED3F1520C34894000AD13F /* PBXTargetDependency */ = {
			isa = PBXTargetDependency;
			target = 94ED3EF320C34892000AD13F /* Pomodoro */;
			targetProxy = 94ED3F1420C34894000AD13F /* PBXContainerItemProxy */;
		};
/* End PBXTargetDependency section */

/* Begin PBXVariantGroup section */
		94ED3F0020C34894000AD13F /* LaunchScreen.storyboard */ = {
			isa = PBXVariantGroup;
			children = (
				94ED3F0120C34894000AD13F /* Base */,
			);
			name = LaunchScreen.storyboard;
			sourceTree = "<group>";
		};
/* End PBXVariantGroup section */

/* Begin XCBuildConfiguration section */
		94ED3F1A20C34894000AD13F /* Debug */ = {
			isa = XCBuildConfiguration;
			buildSettings = {
				ALWAYS_SEARCH_USER_PATHS = NO;
				CLANG_ANALYZER_NONNULL = YES;
				CLANG_ANALYZER_NUMBER_OBJECT_CONVERSION = YES_AGGRESSIVE;
				CLANG_CXX_LANGUAGE_STANDARD = "gnu++14";
				CLANG_CXX_LIBRARY = "libc++";
				CLANG_ENABLE_MODULES = YES;
				CLANG_ENABLE_OBJC_ARC = YES;
				CLANG_ENABLE_OBJC_WEAK = YES;
				CLANG_WARN_BLOCK_CAPTURE_AUTORELEASING = YES;
				CLANG_WARN_BOOL_CONVERSION = YES;
				CLANG_WARN_COMMA = YES;
				CLANG_WARN_CONSTANT_CONVERSION = YES;
				CLANG_WARN_DEPRECATED_OBJC_IMPLEMENTATIONS = YES;
				CLANG_WARN_DIRECT_OBJC_ISA_USAGE = YES_ERROR;
				CLANG_WARN_DOCUMENTATION_COMMENTS = YES;
				CLANG_WARN_EMPTY_BODY = YES;
				CLANG_WARN_ENUM_CONVERSION = YES;
				CLANG_WARN_INFINITE_RECURSION = YES;
				CLANG_WARN_INT_CONVERSION = YES;
				CLANG_WARN_NON_LITERAL_NULL_CONVERSION = YES;
				CLANG_WARN_OBJC_IMPLICIT_RETAIN_SELF = YES;
				CLANG_WARN_OBJC_LITERAL_CONVERSION = YES;
				CLANG_WARN_OBJC_ROOT_CLASS = YES_ERROR;
				CLANG_WARN_RANGE_LOOP_ANALYSIS = YES;
				CLANG_WARN_STRICT_PROTOTYPES = YES;
				CLANG_WARN_SUSPICIOUS_MOVE = YES;
				CLANG_WARN_UNGUARDED_AVAILABILITY = YES_AGGRESSIVE;
				CLANG_WARN_UNREACHABLE_CODE = YES;
				CLANG_WARN__DUPLICATE_METHOD_MATCH = YES;
				CODE_SIGN_IDENTITY = "iPhone Developer";
				COPY_PHASE_STRIP = NO;
				DEBUG_INFORMATION_FORMAT = dwarf;
				ENABLE_STRICT_OBJC_MSGSEND = YES;
				ENABLE_TESTABILITY = YES;
				GCC_C_LANGUAGE_STANDARD = gnu11;
				GCC_DYNAMIC_NO_PIC = NO;
				GCC_NO_COMMON_BLOCKS = YES;
				GCC_OPTIMIZATION_LEVEL = 0;
				GCC_PREPROCESSOR_DEFINITIONS = (
					"DEBUG=1",
					"$(inherited)",
				);
				GCC_WARN_64_TO_32_BIT_CONVERSION = YES;
				GCC_WARN_ABOUT_RETURN_TYPE = YES_ERROR;
				GCC_WARN_UNDECLARED_SELECTOR = YES;
				GCC_WARN_UNINITIALIZED_AUTOS = YES_AGGRESSIVE;
				GCC_WARN_UNUSED_FUNCTION = YES;
				GCC_WARN_UNUSED_VARIABLE = YES;
				IPHONEOS_DEPLOYMENT_TARGET = 11.4;
				MTL_ENABLE_DEBUG_INFO = YES;
				ONLY_ACTIVE_ARCH = YES;
				SDKROOT = iphoneos;
				SWIFT_ACTIVE_COMPILATION_CONDITIONS = DEBUG;
				SWIFT_OPTIMIZATION_LEVEL = "-Onone";
			};
			name = Debug;
		};
		94ED3F1B20C34894000AD13F /* Release */ = {
			isa = XCBuildConfiguration;
			buildSettings = {
				ALWAYS_SEARCH_USER_PATHS = NO;
				CLANG_ANALYZER_NONNULL = YES;
				CLANG_ANALYZER_NUMBER_OBJECT_CONVERSION = YES_AGGRESSIVE;
				CLANG_CXX_LANGUAGE_STANDARD = "gnu++14";
				CLANG_CXX_LIBRARY = "libc++";
				CLANG_ENABLE_MODULES = YES;
				CLANG_ENABLE_OBJC_ARC = YES;
				CLANG_ENABLE_OBJC_WEAK = YES;
				CLANG_WARN_BLOCK_CAPTURE_AUTORELEASING = YES;
				CLANG_WARN_BOOL_CONVERSION = YES;
				CLANG_WARN_COMMA = YES;
				CLANG_WARN_CONSTANT_CONVERSION = YES;
				CLANG_WARN_DEPRECATED_OBJC_IMPLEMENTATIONS = YES;
				CLANG_WARN_DIRECT_OBJC_ISA_USAGE = YES_ERROR;
				CLANG_WARN_DOCUMENTATION_COMMENTS = YES;
				CLANG_WARN_EMPTY_BODY = YES;
				CLANG_WARN_ENUM_CONVERSION = YES;
				CLANG_WARN_INFINITE_RECURSION = YES;
				CLANG_WARN_INT_CONVERSION = YES;
				CLANG_WARN_NON_LITERAL_NULL_CONVERSION = YES;
				CLANG_WARN_OBJC_IMPLICIT_RETAIN_SELF = YES;
				CLANG_WARN_OBJC_LITERAL_CONVERSION = YES;
				CLANG_WARN_OBJC_ROOT_CLASS = YES_ERROR;
				CLANG_WARN_RANGE_LOOP_ANALYSIS = YES;
				CLANG_WARN_STRICT_PROTOTYPES = YES;
				CLANG_WARN_SUSPICIOUS_MOVE = YES;
				CLANG_WARN_UNGUARDED_AVAILABILITY = YES_AGGRESSIVE;
				CLANG_WARN_UNREACHABLE_CODE = YES;
				CLANG_WARN__DUPLICATE_METHOD_MATCH = YES;
				CODE_SIGN_IDENTITY = "iPhone Developer";
				COPY_PHASE_STRIP = NO;
				DEBUG_INFORMATION_FORMAT = "dwarf-with-dsym";
				ENABLE_NS_ASSERTIONS = NO;
				ENABLE_STRICT_OBJC_MSGSEND = YES;
				GCC_C_LANGUAGE_STANDARD = gnu11;
				GCC_NO_COMMON_BLOCKS = YES;
				GCC_WARN_64_TO_32_BIT_CONVERSION = YES;
				GCC_WARN_ABOUT_RETURN_TYPE = YES_ERROR;
				GCC_WARN_UNDECLARED_SELECTOR = YES;
				GCC_WARN_UNINITIALIZED_AUTOS = YES_AGGRESSIVE;
				GCC_WARN_UNUSED_FUNCTION = YES;
				GCC_WARN_UNUSED_VARIABLE = YES;
				IPHONEOS_DEPLOYMENT_TARGET = 11.4;
				MTL_ENABLE_DEBUG_INFO = NO;
				SDKROOT = iphoneos;
				SWIFT_COMPILATION_MODE = wholemodule;
				SWIFT_OPTIMIZATION_LEVEL = "-O";
				VALIDATE_PRODUCT = YES;
			};
			name = Release;
		};
		94ED3F1D20C34894000AD13F /* Debug */ = {
			isa = XCBuildConfiguration;
			buildSettings = {
				ASSETCATALOG_COMPILER_APPICON_NAME = AppIcon;
				CODE_SIGN_STYLE = Automatic;
				INFOPLIST_FILE = Pomodoro/Info.plist;
				LD_RUNPATH_SEARCH_PATHS = (
					"$(inherited)",
					"@executable_path/Frameworks",
				);
				PRODUCT_BUNDLE_IDENTIFIER = com.iotize.Pomodoro;
				PRODUCT_NAME = "$(TARGET_NAME)";
				SWIFT_VERSION = 4.0;
				TARGETED_DEVICE_FAMILY = "1,2";
			};
			name = Debug;
		};
		94ED3F1E20C34894000AD13F /* Release */ = {
			isa = XCBuildConfiguration;
			buildSettings = {
				ASSETCATALOG_COMPILER_APPICON_NAME = AppIcon;
				CODE_SIGN_STYLE = Automatic;
				INFOPLIST_FILE = Pomodoro/Info.plist;
				LD_RUNPATH_SEARCH_PATHS = (
					"$(inherited)",
					"@executable_path/Frameworks",
				);
				PRODUCT_BUNDLE_IDENTIFIER = com.iotize.Pomodoro;
				PRODUCT_NAME = "$(TARGET_NAME)";
				SWIFT_VERSION = 4.0;
				TARGETED_DEVICE_FAMILY = "1,2";
			};
			name = Release;
		};
		94ED3F2020C34894000AD13F /* Debug */ = {
			isa = XCBuildConfiguration;
			buildSettings = {
				ALWAYS_EMBED_SWIFT_STANDARD_LIBRARIES = YES;
				BUNDLE_LOADER = "$(TEST_HOST)";
				CODE_SIGN_STYLE = Automatic;
				INFOPLIST_FILE = PomodoroTests/Info.plist;
				LD_RUNPATH_SEARCH_PATHS = (
					"$(inherited)",
					"@executable_path/Frameworks",
					"@loader_path/Frameworks",
				);
				PRODUCT_BUNDLE_IDENTIFIER = com.iotize.PomodoroTests;
				PRODUCT_NAME = "$(TARGET_NAME)";
				SWIFT_VERSION = 4.0;
				TARGETED_DEVICE_FAMILY = "1,2";
				TEST_HOST = "$(BUILT_PRODUCTS_DIR)/Pomodoro.app/Pomodoro";
			};
			name = Debug;
		};
		94ED3F2120C34894000AD13F /* Release */ = {
			isa = XCBuildConfiguration;
			buildSettings = {
				ALWAYS_EMBED_SWIFT_STANDARD_LIBRARIES = YES;
				BUNDLE_LOADER = "$(TEST_HOST)";
				CODE_SIGN_STYLE = Automatic;
				INFOPLIST_FILE = PomodoroTests/Info.plist;
				LD_RUNPATH_SEARCH_PATHS = (
					"$(inherited)",
					"@executable_path/Frameworks",
					"@loader_path/Frameworks",
				);
				PRODUCT_BUNDLE_IDENTIFIER = com.iotize.PomodoroTests;
				PRODUCT_NAME = "$(TARGET_NAME)";
				SWIFT_VERSION = 4.0;
				TARGETED_DEVICE_FAMILY = "1,2";
				TEST_HOST = "$(BUILT_PRODUCTS_DIR)/Pomodoro.app/Pomodoro";
			};
			name = Release;
		};
		94ED3F2320C34894000AD13F /* Debug */ = {
			isa = XCBuildConfiguration;
			buildSettings = {
				ALWAYS_EMBED_SWIFT_STANDARD_LIBRARIES = YES;
				CODE_SIGN_STYLE = Automatic;
				INFOPLIST_FILE = PomodoroUITests/Info.plist;
				LD_RUNPATH_SEARCH_PATHS = (
					"$(inherited)",
					"@executable_path/Frameworks",
					"@loader_path/Frameworks",
				);
				PRODUCT_BUNDLE_IDENTIFIER = com.iotize.PomodoroUITests;
				PRODUCT_NAME = "$(TARGET_NAME)";
				SWIFT_VERSION = 4.0;
				TARGETED_DEVICE_FAMILY = "1,2";
				TEST_TARGET_NAME = Pomodoro;
			};
			name = Debug;
		};
		94ED3F2420C34894000AD13F /* Release */ = {
			isa = XCBuildConfiguration;
			buildSettings = {
				ALWAYS_EMBED_SWIFT_STANDARD_LIBRARIES = YES;
				CODE_SIGN_STYLE = Automatic;
				INFOPLIST_FILE = PomodoroUITests/Info.plist;
				LD_RUNPATH_SEARCH_PATHS = (
					"$(inherited)",
					"@executable_path/Frameworks",
					"@loader_path/Frameworks",
				);
				PRODUCT_BUNDLE_IDENTIFIER = com.iotize.PomodoroUITests;
				PRODUCT_NAME = "$(TARGET_NAME)";
				SWIFT_VERSION = 4.0;
				TARGETED_DEVICE_FAMILY = "1,2";
				TEST_TARGET_NAME = Pomodoro;
			};
			name = Release;
		};
/* End XCBuildConfiguration section */

/* Begin XCConfigurationList section */
		94ED3EEF20C34892000AD13F /* Build configuration list for PBXProject "Pomodoro" */ = {
			isa = XCConfigurationList;
			buildConfigurations = (
				94ED3F1A20C34894000AD13F /* Debug */,
				94ED3F1B20C34894000AD13F /* Release */,
			);
			defaultConfigurationIsVisible = 0;
			defaultConfigurationName = Release;
		};
		94ED3F1C20C34894000AD13F /* Build configuration list for PBXNativeTarget "Pomodoro" */ = {
			isa = XCConfigurationList;
			buildConfigurations = (
				94ED3F1D20C34894000AD13F /* Debug */,
				94ED3F1E20C34894000AD13F /* Release */,
			);
			defaultConfigurationIsVisible = 0;
			defaultConfigurationName = Release;
		};
		94ED3F1F20C34894000AD13F /* Build configuration list for PBXNativeTarget "PomodoroTests" */ = {
			isa = XCConfigurationList;
			buildConfigurations = (
				94ED3F2020C34894000AD13F /* Debug */,
				94ED3F2120C34894000AD13F /* Release */,
			);
			defaultConfigurationIsVisible = 0;
			defaultConfigurationName = Release;
		};
		94ED3F2220C34894000AD13F /* Build configuration list for PBXNativeTarget "PomodoroUITests" */ = {
			isa = XCConfigurationList;
			buildConfigurations = (
				94ED3F2320C34894000AD13F /* Debug */,
				94ED3F2420C34894000AD13F /* Release */,
			);
			defaultConfigurationIsVisible = 0;
			defaultConfigurationName = Release;
		};
/* End XCConfigurationList section */
	};
	rootObject = 94ED3EEC20C34892000AD13F /* Project object */;
}
